
Microsoft Visual Studio Solution File, Format Version 12.00
# Visual Studio Version 16
VisualStudioVersion = 16.0.30503.244
MinimumVisualStudioVersion = 10.0.40219.1
Project("{FAE04EC0-301F-11D3-BF4B-00C04F79EFBC}") = "Juego_Aitana", "Juego_Aitana.csproj", "{2C1765D5-713A-4AA1-8EA4-131A95353212}"
EndProject
Global
	GlobalSection(SolutionConfigurationPlatforms) = preSolution
		Debug|Any CPU = Debug|Any CPU
		Release|Any CPU = Release|Any CPU
	EndGlobalSection
	GlobalSection(ProjectConfigurationPlatforms) = postSolution
		{2C1765D5-713A-4AA1-8EA4-131A95353212}.Debug|Any CPU.ActiveCfg = Debug|Any CPU
		{2C1765D5-713A-4AA1-8EA4-131A95353212}.Debug|Any CPU.Build.0 = Debug|Any CPU
		{2C1765D5-713A-4AA1-8EA4-131A95353212}.Release|Any CPU.ActiveCfg = Release|Any CPU
		{2C1765D5-713A-4AA1-8EA4-131A95353212}.Release|Any CPU.Build.0 = Release|Any CPU
	EndGlobalSection
	GlobalSection(SolutionProperties) = preSolution
		HideSolutionNode = FALSE
	EndGlobalSection
	GlobalSection(ExtensibilityGlobals) = postSolution
		SolutionGuid = {BB8C89C0-17C8-4481-8742-6B1FBEFA4E11}
	EndGlobalSection
EndGlobal
